
Microsoft Visual Studio Solution File, Format Version 12.00
# Visual Studio Version 17
VisualStudioVersion = 17.7.34221.43
MinimumVisualStudioVersion = 10.0.40219.1
Project("{FAE04EC0-301F-11D3-BF4B-00C04F79EFBC}") = "PetshopApi", "PetshopApi\PetshopApi.csproj", "{BEB8DA64-AD22-4720-9BE1-3B0FDDB040E6}"
EndProject
Global
	GlobalSection(SolutionConfigurationPlatforms) = preSolution
		Debug|Any CPU = Debug|Any CPU
		Release|Any CPU = Release|Any CPU
	EndGlobalSection
	GlobalSection(ProjectConfigurationPlatforms) = postSolution
		{BEB8DA64-AD22-4720-9BE1-3B0FDDB040E6}.Debug|Any CPU.ActiveCfg = Debug|Any CPU
		{BEB8DA64-AD22-4720-9BE1-3B0FDDB040E6}.Debug|Any CPU.Build.0 = Debug|Any CPU
		{BEB8DA64-AD22-4720-9BE1-3B0FDDB040E6}.Release|Any CPU.ActiveCfg = Release|Any CPU
		{BEB8DA64-AD22-4720-9BE1-3B0FDDB040E6}.Release|Any CPU.Build.0 = Release|Any CPU
	EndGlobalSection
	GlobalSection(SolutionProperties) = preSolution
		HideSolutionNode = FALSE
	EndGlobalSection
	GlobalSection(ExtensibilityGlobals) = postSolution
		SolutionGuid = {4C628ABA-60E9-4DC3-9712-43C7D29D0DDC}
	EndGlobalSection
EndGlobal
